
Microsoft Visual Studio Solution File, Format Version 12.00
# Visual Studio Version 16
VisualStudioVersion = 16.0.31515.178
MinimumVisualStudioVersion = 10.0.40219.1
Project("{FAE04EC0-301F-11D3-BF4B-00C04F79EFBC}") = "StaticExercise", "StaticExercise\StaticExercise.csproj", "{FAF4FA15-15A5-4CFB-BBD9-684B5ADE4BF5}"
EndProject
Global
	GlobalSection(SolutionConfigurationPlatforms) = preSolution
		Debug|Any CPU = Debug|Any CPU
		Release|Any CPU = Release|Any CPU
	EndGlobalSection
	GlobalSection(ProjectConfigurationPlatforms) = postSolution
		{FAF4FA15-15A5-4CFB-BBD9-684B5ADE4BF5}.Debug|Any CPU.ActiveCfg = Debug|Any CPU
		{FAF4FA15-15A5-4CFB-BBD9-684B5ADE4BF5}.Debug|Any CPU.Build.0 = Debug|Any CPU
		{FAF4FA15-15A5-4CFB-BBD9-684B5ADE4BF5}.Release|Any CPU.ActiveCfg = Release|Any CPU
		{FAF4FA15-15A5-4CFB-BBD9-684B5ADE4BF5}.Release|Any CPU.Build.0 = Release|Any CPU
	EndGlobalSection
	GlobalSection(SolutionProperties) = preSolution
		HideSolutionNode = FALSE
	EndGlobalSection
	GlobalSection(ExtensibilityGlobals) = postSolution
		SolutionGuid = {C223D8F6-8C51-4377-B555-0E8B6150B594}
	EndGlobalSection
EndGlobal
